
Microsoft Visual Studio Solution File, Format Version 12.00
# Visual Studio Version 17
VisualStudioVersion = 17.1.32228.430
MinimumVisualStudioVersion = 10.0.40219.1
Project("{2150E333-8FDC-42A3-9474-1A3956D46DE8}") = "domain", "domain", "{F9AB62B1-1298-4BCD-9196-22FAD8BF8976}"
EndProject
Project("{2150E333-8FDC-42A3-9474-1A3956D46DE8}") = "infrastructure", "infrastructure", "{10F58B1E-4299-4019-9215-D78D43B31541}"
EndProject
Project("{2150E333-8FDC-42A3-9474-1A3956D46DE8}") = "presentation", "presentation", "{D49F16F9-38C3-4D6C-AE25-E6947F5F866D}"
EndProject
Project("{9A19103F-16F7-4668-BE54-9A1E7A4F7556}") = "Store", "domain\Store\Store.csproj", "{DDB8FCEA-077C-4690-BEF1-57C603DB131A}"
EndProject
Project("{9A19103F-16F7-4668-BE54-9A1E7A4F7556}") = "Store.Memory", "infastructure\Store.Memory\Store.Memory.csproj", "{1924725D-DFE0-4CCE-8F4A-D72EAD5A7A4D}"
EndProject
Project("{9A19103F-16F7-4668-BE54-9A1E7A4F7556}") = "Store.Web", "presentation\Store.Web\Store.Web.csproj", "{22AB3F36-7446-4F56-A8DB-98F99B77EB8D}"
EndProject
Project("{FAE04EC0-301F-11D3-BF4B-00C04F79EFBC}") = "Store.Tests", "domain\Store.Tests\Store.Tests.csproj", "{B6D31F4A-10C4-49EB-88C8-A778AF9964FC}"
EndProject
Global
	GlobalSection(SolutionConfigurationPlatforms) = preSolution
		Debug|Any CPU = Debug|Any CPU
		Release|Any CPU = Release|Any CPU
	EndGlobalSection
	GlobalSection(ProjectConfigurationPlatforms) = postSolution
		{DDB8FCEA-077C-4690-BEF1-57C603DB131A}.Debug|Any CPU.ActiveCfg = Debug|Any CPU
		{DDB8FCEA-077C-4690-BEF1-57C603DB131A}.Debug|Any CPU.Build.0 = Debug|Any CPU
		{DDB8FCEA-077C-4690-BEF1-57C603DB131A}.Release|Any CPU.ActiveCfg = Release|Any CPU
		{DDB8FCEA-077C-4690-BEF1-57C603DB131A}.Release|Any CPU.Build.0 = Release|Any CPU
		{1924725D-DFE0-4CCE-8F4A-D72EAD5A7A4D}.Debug|Any CPU.ActiveCfg = Debug|Any CPU
		{1924725D-DFE0-4CCE-8F4A-D72EAD5A7A4D}.Debug|Any CPU.Build.0 = Debug|Any CPU
		{1924725D-DFE0-4CCE-8F4A-D72EAD5A7A4D}.Release|Any CPU.ActiveCfg = Release|Any CPU
		{1924725D-DFE0-4CCE-8F4A-D72EAD5A7A4D}.Release|Any CPU.Build.0 = Release|Any CPU
		{22AB3F36-7446-4F56-A8DB-98F99B77EB8D}.Debug|Any CPU.ActiveCfg = Debug|Any CPU
		{22AB3F36-7446-4F56-A8DB-98F99B77EB8D}.Debug|Any CPU.Build.0 = Debug|Any CPU
		{22AB3F36-7446-4F56-A8DB-98F99B77EB8D}.Release|Any CPU.ActiveCfg = Release|Any CPU
		{22AB3F36-7446-4F56-A8DB-98F99B77EB8D}.Release|Any CPU.Build.0 = Release|Any CPU
		{B6D31F4A-10C4-49EB-88C8-A778AF9964FC}.Debug|Any CPU.ActiveCfg = Debug|Any CPU
		{B6D31F4A-10C4-49EB-88C8-A778AF9964FC}.Debug|Any CPU.Build.0 = Debug|Any CPU
		{B6D31F4A-10C4-49EB-88C8-A778AF9964FC}.Release|Any CPU.ActiveCfg = Release|Any CPU
		{B6D31F4A-10C4-49EB-88C8-A778AF9964FC}.Release|Any CPU.Build.0 = Release|Any CPU
	EndGlobalSection
	GlobalSection(SolutionProperties) = preSolution
		HideSolutionNode = FALSE
	EndGlobalSection
	GlobalSection(NestedProjects) = preSolution
		{DDB8FCEA-077C-4690-BEF1-57C603DB131A} = {F9AB62B1-1298-4BCD-9196-22FAD8BF8976}
		{1924725D-DFE0-4CCE-8F4A-D72EAD5A7A4D} = {10F58B1E-4299-4019-9215-D78D43B31541}
		{22AB3F36-7446-4F56-A8DB-98F99B77EB8D} = {D49F16F9-38C3-4D6C-AE25-E6947F5F866D}
		{B6D31F4A-10C4-49EB-88C8-A778AF9964FC} = {F9AB62B1-1298-4BCD-9196-22FAD8BF8976}
	EndGlobalSection
	GlobalSection(ExtensibilityGlobals) = postSolution
		SolutionGuid = {433483E6-34E1-4E27-A5DD-31D568EC74FA}
	EndGlobalSection
EndGlobal
